
Microsoft Visual Studio Solution File, Format Version 12.00
# Visual Studio Version 17
VisualStudioVersion = 17.14.36705.20 d17.14
MinimumVisualStudioVersion = 10.0.40219.1
Project("{FAE04EC0-301F-11D3-BF4B-00C04F79EFBC}") = "BarberPro", "BarberPro.csproj", "{33BD6CC4-E8B7-434C-988B-412B9AAD3352}"
EndProject
Global
	GlobalSection(SolutionConfigurationPlatforms) = preSolution
		Debug|Any CPU = Debug|Any CPU
		Release|Any CPU = Release|Any CPU
	EndGlobalSection
	GlobalSection(ProjectConfigurationPlatforms) = postSolution
		{33BD6CC4-E8B7-434C-988B-412B9AAD3352}.Debug|Any CPU.ActiveCfg = Debug|Any CPU
		{33BD6CC4-E8B7-434C-988B-412B9AAD3352}.Debug|Any CPU.Build.0 = Debug|Any CPU
		{33BD6CC4-E8B7-434C-988B-412B9AAD3352}.Release|Any CPU.ActiveCfg = Release|Any CPU
		{33BD6CC4-E8B7-434C-988B-412B9AAD3352}.Release|Any CPU.Build.0 = Release|Any CPU
	EndGlobalSection
	GlobalSection(SolutionProperties) = preSolution
		HideSolutionNode = FALSE
	EndGlobalSection
	GlobalSection(ExtensibilityGlobals) = postSolution
		SolutionGuid = {67B95C00-A570-460D-8A28-55B0C91598A6}
	EndGlobalSection
EndGlobal
